
Microsoft Visual Studio Solution File, Format Version 12.00
# Visual Studio Version 17
VisualStudioVersion = 17.14.36301.6 d17.14
MinimumVisualStudioVersion = 10.0.40219.1
Project("{FAE04EC0-301F-11D3-BF4B-00C04F79EFBC}") = "Design Pattern Practice", "Design Pattern Practice\Design Pattern Practice.csproj", "{FB17CF98-6117-4CDB-90D2-A67135C732FF}"
EndProject
Global
	GlobalSection(SolutionConfigurationPlatforms) = preSolution
		Debug|Any CPU = Debug|Any CPU
		Release|Any CPU = Release|Any CPU
	EndGlobalSection
	GlobalSection(ProjectConfigurationPlatforms) = postSolution
		{FB17CF98-6117-4CDB-90D2-A67135C732FF}.Debug|Any CPU.ActiveCfg = Debug|Any CPU
		{FB17CF98-6117-4CDB-90D2-A67135C732FF}.Debug|Any CPU.Build.0 = Debug|Any CPU
		{FB17CF98-6117-4CDB-90D2-A67135C732FF}.Release|Any CPU.ActiveCfg = Release|Any CPU
		{FB17CF98-6117-4CDB-90D2-A67135C732FF}.Release|Any CPU.Build.0 = Release|Any CPU
	EndGlobalSection
	GlobalSection(SolutionProperties) = preSolution
		HideSolutionNode = FALSE
	EndGlobalSection
	GlobalSection(ExtensibilityGlobals) = postSolution
		SolutionGuid = {059B52AA-E700-4928-A235-057F186ACA82}
	EndGlobalSection
EndGlobal
